
Microsoft Visual Studio Solution File, Format Version 12.00
# Visual Studio Version 16
VisualStudioVersion = 16.0.29709.97
MinimumVisualStudioVersion = 10.0.40219.1
Project("{FAE04EC0-301F-11D3-BF4B-00C04F79EFBC}") = "WebApi", "WebApi\WebApi.csproj", "{0659EB4B-E5A0-464A-8579-9C19B7F5DD93}"
EndProject
Project("{FAE04EC0-301F-11D3-BF4B-00C04F79EFBC}") = "ApiEntitty", "ApiEntitty\ApiEntitty.csproj", "{C10D189B-8DFB-4E6B-91D6-0FE3F78664E5}"
EndProject
Project("{FAE04EC0-301F-11D3-BF4B-00C04F79EFBC}") = "ApiData", "ApiData\ApiData.csproj", "{A45F5171-5212-4305-88CD-1E86D59194CE}"
EndProject
Project("{FAE04EC0-301F-11D3-BF4B-00C04F79EFBC}") = "ApiBusiness", "ApiBusiness\ApiBusiness.csproj", "{5D18EE01-C379-4CD4-A6F5-17C6AEF6B5D6}"
EndProject
Global
	GlobalSection(SolutionConfigurationPlatforms) = preSolution
		Debug|Any CPU = Debug|Any CPU
		Release|Any CPU = Release|Any CPU
	EndGlobalSection
	GlobalSection(ProjectConfigurationPlatforms) = postSolution
		{0659EB4B-E5A0-464A-8579-9C19B7F5DD93}.Debug|Any CPU.ActiveCfg = Debug|Any CPU
		{0659EB4B-E5A0-464A-8579-9C19B7F5DD93}.Debug|Any CPU.Build.0 = Debug|Any CPU
		{0659EB4B-E5A0-464A-8579-9C19B7F5DD93}.Release|Any CPU.ActiveCfg = Release|Any CPU
		{0659EB4B-E5A0-464A-8579-9C19B7F5DD93}.Release|Any CPU.Build.0 = Release|Any CPU
		{C10D189B-8DFB-4E6B-91D6-0FE3F78664E5}.Debug|Any CPU.ActiveCfg = Debug|Any CPU
		{C10D189B-8DFB-4E6B-91D6-0FE3F78664E5}.Debug|Any CPU.Build.0 = Debug|Any CPU
		{C10D189B-8DFB-4E6B-91D6-0FE3F78664E5}.Release|Any CPU.ActiveCfg = Release|Any CPU
		{C10D189B-8DFB-4E6B-91D6-0FE3F78664E5}.Release|Any CPU.Build.0 = Release|Any CPU
		{A45F5171-5212-4305-88CD-1E86D59194CE}.Debug|Any CPU.ActiveCfg = Debug|Any CPU
		{A45F5171-5212-4305-88CD-1E86D59194CE}.Debug|Any CPU.Build.0 = Debug|Any CPU
		{A45F5171-5212-4305-88CD-1E86D59194CE}.Release|Any CPU.ActiveCfg = Release|Any CPU
		{A45F5171-5212-4305-88CD-1E86D59194CE}.Release|Any CPU.Build.0 = Release|Any CPU
		{5D18EE01-C379-4CD4-A6F5-17C6AEF6B5D6}.Debug|Any CPU.ActiveCfg = Debug|Any CPU
		{5D18EE01-C379-4CD4-A6F5-17C6AEF6B5D6}.Debug|Any CPU.Build.0 = Debug|Any CPU
		{5D18EE01-C379-4CD4-A6F5-17C6AEF6B5D6}.Release|Any CPU.ActiveCfg = Release|Any CPU
		{5D18EE01-C379-4CD4-A6F5-17C6AEF6B5D6}.Release|Any CPU.Build.0 = Release|Any CPU
	EndGlobalSection
	GlobalSection(SolutionProperties) = preSolution
		HideSolutionNode = FALSE
	EndGlobalSection
	GlobalSection(ExtensibilityGlobals) = postSolution
		SolutionGuid = {B9F40FB6-A027-4DB2-AA68-978866F22288}
	EndGlobalSection
EndGlobal
